
Microsoft Visual Studio Solution File, Format Version 12.00
# Visual Studio Version 17
VisualStudioVersion = 17.14.36109.1
MinimumVisualStudioVersion = 10.0.40219.1
Project("{FAE04EC0-301F-11D3-BF4B-00C04F79EFBC}") = "MallSpace_Plugins", "MallSpace_Plugins\MallSpace_Plugins.csproj", "{5DA80C8D-1003-425E-9C7B-F96706D2B4CF}"
EndProject
Project("{FAE04EC0-301F-11D3-BF4B-00C04F79EFBC}") = "MallSpace.Plugins.Floor", "MallSpace.Plugins.Floor\MallSpace.Plugins.Floor.csproj", "{428A97C3-0981-4A9E-AAE5-30FDE356198E}"
EndProject
Global
	GlobalSection(SolutionConfigurationPlatforms) = preSolution
		Debug|Any CPU = Debug|Any CPU
		Release|Any CPU = Release|Any CPU
	EndGlobalSection
	GlobalSection(ProjectConfigurationPlatforms) = postSolution
		{5DA80C8D-1003-425E-9C7B-F96706D2B4CF}.Debug|Any CPU.ActiveCfg = Debug|Any CPU
		{5DA80C8D-1003-425E-9C7B-F96706D2B4CF}.Debug|Any CPU.Build.0 = Debug|Any CPU
		{5DA80C8D-1003-425E-9C7B-F96706D2B4CF}.Release|Any CPU.ActiveCfg = Release|Any CPU
		{5DA80C8D-1003-425E-9C7B-F96706D2B4CF}.Release|Any CPU.Build.0 = Release|Any CPU
		{428A97C3-0981-4A9E-AAE5-30FDE356198E}.Debug|Any CPU.ActiveCfg = Debug|Any CPU
		{428A97C3-0981-4A9E-AAE5-30FDE356198E}.Debug|Any CPU.Build.0 = Debug|Any CPU
		{428A97C3-0981-4A9E-AAE5-30FDE356198E}.Release|Any CPU.ActiveCfg = Release|Any CPU
		{428A97C3-0981-4A9E-AAE5-30FDE356198E}.Release|Any CPU.Build.0 = Release|Any CPU
	EndGlobalSection
	GlobalSection(SolutionProperties) = preSolution
		HideSolutionNode = FALSE
	EndGlobalSection
	GlobalSection(ExtensibilityGlobals) = postSolution
		SolutionGuid = {F818C7C0-5B35-48C5-8E25-F0696B552E10}
	EndGlobalSection
EndGlobal
